
Microsoft Visual Studio Solution File, Format Version 12.00
# Visual Studio Version 17
VisualStudioVersion = 17.1.32328.378
MinimumVisualStudioVersion = 10.0.40219.1
Project("{FAE04EC0-301F-11D3-BF4B-00C04F79EFBC}") = "Observer_lamaev", "Observer_lamaev\Observer_lamaev.csproj", "{36EEC2B4-D245-4A28-85A1-36633B75A028}"
EndProject
Global
	GlobalSection(SolutionConfigurationPlatforms) = preSolution
		Debug|Any CPU = Debug|Any CPU
		Release|Any CPU = Release|Any CPU
	EndGlobalSection
	GlobalSection(ProjectConfigurationPlatforms) = postSolution
		{36EEC2B4-D245-4A28-85A1-36633B75A028}.Debug|Any CPU.ActiveCfg = Debug|Any CPU
		{36EEC2B4-D245-4A28-85A1-36633B75A028}.Debug|Any CPU.Build.0 = Debug|Any CPU
		{36EEC2B4-D245-4A28-85A1-36633B75A028}.Release|Any CPU.ActiveCfg = Release|Any CPU
		{36EEC2B4-D245-4A28-85A1-36633B75A028}.Release|Any CPU.Build.0 = Release|Any CPU
	EndGlobalSection
	GlobalSection(SolutionProperties) = preSolution
		HideSolutionNode = FALSE
	EndGlobalSection
	GlobalSection(ExtensibilityGlobals) = postSolution
		SolutionGuid = {4E0332BC-E416-4FB3-AE72-564DD950C71E}
	EndGlobalSection
EndGlobal
